// !$*UTF8*$!
{
	archiveVersion = 1;
	classes = {
	};
	objectVersion = 56;
	objects = {

/* Begin PBXBuildFile section */
		0747A7B22A6A757300795297 /* FavoriteButton.swift in Sources */ = {isa = PBXBuildFile; fileRef = 0747A7B12A6A757300795297 /* FavoriteButton.swift */; };
		07A1E3362A6A09E30005FF7F /* LandmarkApp.swift in Sources */ = {isa = PBXBuildFile; fileRef = 07A1E3352A6A09E30005FF7F /* LandmarkApp.swift */; };
		07A1E3382A6A09E30005FF7F /* ContentView.swift in Sources */ = {isa = PBXBuildFile; fileRef = 07A1E3372A6A09E30005FF7F /* ContentView.swift */; };
		07A1E33A2A6A09E40005FF7F /* Assets.xcassets in Resources */ = {isa = PBXBuildFile; fileRef = 07A1E3392A6A09E40005FF7F /* Assets.xcassets */; };
		07A1E33D2A6A09E40005FF7F /* Preview Assets.xcassets in Resources */ = {isa = PBXBuildFile; fileRef = 07A1E33C2A6A09E40005FF7F /* Preview Assets.xcassets */; };
		07A1E3442A6A10880005FF7F /* CircleImage.swift in Sources */ = {isa = PBXBuildFile; fileRef = 07A1E3432A6A10880005FF7F /* CircleImage.swift */; };
		07A1E3462A6A11EC0005FF7F /* MapView.swift in Sources */ = {isa = PBXBuildFile; fileRef = 07A1E3452A6A11EC0005FF7F /* MapView.swift */; };
		07A1E3482A6A21C00005FF7F /* landmarkData.json in Resources */ = {isa = PBXBuildFile; fileRef = 07A1E3472A6A21C00005FF7F /* landmarkData.json */; };
		07A1E34A2A6A21DF0005FF7F /* Landmark.swift in Sources */ = {isa = PBXBuildFile; fileRef = 07A1E3492A6A21DF0005FF7F /* Landmark.swift */; };
		07A1E34C2A6A3E300005FF7F /* ModelData.swift in Sources */ = {isa = PBXBuildFile; fileRef = 07A1E34B2A6A3E300005FF7F /* ModelData.swift */; };
		07A1E3512A6A46A40005FF7F /* LandmarkRow.swift in Sources */ = {isa = PBXBuildFile; fileRef = 07A1E3502A6A46A40005FF7F /* LandmarkRow.swift */; };
		07A1E3532A6A4BFB0005FF7F /* LandmarkList.swift in Sources */ = {isa = PBXBuildFile; fileRef = 07A1E3522A6A4BFB0005FF7F /* LandmarkList.swift */; };
		07A1E3552A6A50F80005FF7F /* LandmarkDetail.swift in Sources */ = {isa = PBXBuildFile; fileRef = 07A1E3542A6A50F80005FF7F /* LandmarkDetail.swift */; };
/* End PBXBuildFile section */

/* Begin PBXFileReference section */
		0747A7B12A6A757300795297 /* FavoriteButton.swift */ = {isa = PBXFileReference; lastKnownFileType = sourcecode.swift; path = FavoriteButton.swift; sourceTree = "<group>"; };
		07A1E3322A6A09E30005FF7F /* Landmark.app */ = {isa = PBXFileReference; explicitFileType = wrapper.application; includeInIndex = 0; path = Landmark.app; sourceTree = BUILT_PRODUCTS_DIR; };
		07A1E3352A6A09E30005FF7F /* LandmarkApp.swift */ = {isa = PBXFileReference; lastKnownFileType = sourcecode.swift; path = LandmarkApp.swift; sourceTree = "<group>"; };
		07A1E3372A6A09E30005FF7F /* ContentView.swift */ = {isa = PBXFileReference; lastKnownFileType = sourcecode.swift; path = ContentView.swift; sourceTree = "<group>"; };
		07A1E3392A6A09E40005FF7F /* Assets.xcassets */ = {isa = PBXFileReference; lastKnownFileType = folder.assetcatalog; path = Assets.xcassets; sourceTree = "<group>"; };
		07A1E33C2A6A09E40005FF7F /* Preview Assets.xcassets */ = {isa = PBXFileReference; lastKnownFileType = folder.assetcatalog; path = "Preview Assets.xcassets"; sourceTree = "<group>"; };
		07A1E3432A6A10880005FF7F /* CircleImage.swift */ = {isa = PBXFileReference; lastKnownFileType = sourcecode.swift; path = CircleImage.swift; sourceTree = "<group>"; };
		07A1E3452A6A11EC0005FF7F /* MapView.swift */ = {isa = PBXFileReference; lastKnownFileType = sourcecode.swift; path = MapView.swift; sourceTree = "<group>"; };
		07A1E3472A6A21C00005FF7F /* landmarkData.json */ = {isa = PBXFileReference; fileEncoding = 4; lastKnownFileType = text.json; path = landmarkData.json; sourceTree = "<group>"; };
		07A1E3492A6A21DF0005FF7F /* Landmark.swift */ = {isa = PBXFileReference; lastKnownFileType = sourcecode.swift; path = Landmark.swift; sourceTree = "<group>"; };
		07A1E34B2A6A3E300005FF7F /* ModelData.swift */ = {isa = PBXFileReference; lastKnownFileType = sourcecode.swift; path = ModelData.swift; sourceTree = "<group>"; };
		07A1E3502A6A46A40005FF7F /* LandmarkRow.swift */ = {isa = PBXFileReference; lastKnownFileType = sourcecode.swift; path = LandmarkRow.swift; sourceTree = "<group>"; };
		07A1E3522A6A4BFB0005FF7F /* LandmarkList.swift */ = {isa = PBXFileReference; lastKnownFileType = sourcecode.swift; path = LandmarkList.swift; sourceTree = "<group>"; };
		07A1E3542A6A50F80005FF7F /* LandmarkDetail.swift */ = {isa = PBXFileReference; lastKnownFileType = sourcecode.swift; path = LandmarkDetail.swift; sourceTree = "<group>"; };
/* End PBXFileReference section */

/* Begin PBXFrameworksBuildPhase section */
		07A1E32F2A6A09E30005FF7F /* Frameworks */ = {
			isa = PBXFrameworksBuildPhase;
			buildActionMask = 2147483647;
			files = (
			);
			runOnlyForDeploymentPostprocessing = 0;
		};
/* End PBXFrameworksBuildPhase section */

/* Begin PBXGroup section */
		0747A7B32A6A77AC00795297 /* Landmarks */ = {
			isa = PBXGroup;
			children = (
				07A1E3502A6A46A40005FF7F /* LandmarkRow.swift */,
				07A1E3522A6A4BFB0005FF7F /* LandmarkList.swift */,
				07A1E3542A6A50F80005FF7F /* LandmarkDetail.swift */,
			);
			path = Landmarks;
			sourceTree = "<group>";
		};
		0747A7B42A6A77BB00795297 /* Helpers */ = {
			isa = PBXGroup;
			children = (
				07A1E3432A6A10880005FF7F /* CircleImage.swift */,
				07A1E3452A6A11EC0005FF7F /* MapView.swift */,
				0747A7B12A6A757300795297 /* FavoriteButton.swift */,
			);
			path = Helpers;
			sourceTree = "<group>";
		};
		07A1E3292A6A09E30005FF7F = {
			isa = PBXGroup;
			children = (
				07A1E3342A6A09E30005FF7F /* Landmark */,
				07A1E3332A6A09E30005FF7F /* Products */,
			);
			sourceTree = "<group>";
		};
		07A1E3332A6A09E30005FF7F /* Products */ = {
			isa = PBXGroup;
			children = (
				07A1E3322A6A09E30005FF7F /* Landmark.app */,
			);
			name = Products;
			sourceTree = "<group>";
		};
		07A1E3342A6A09E30005FF7F /* Landmark */ = {
			isa = PBXGroup;
			children = (
				07A1E3352A6A09E30005FF7F /* LandmarkApp.swift */,
				07A1E34D2A6A3FAF0005FF7F /* Views */,
				07A1E34E2A6A3FB70005FF7F /* Model */,
				07A1E34F2A6A3FC40005FF7F /* Resources */,
				07A1E3392A6A09E40005FF7F /* Assets.xcassets */,
				07A1E33B2A6A09E40005FF7F /* Preview Content */,
			);
			path = Landmark;
			sourceTree = "<group>";
		};
		07A1E33B2A6A09E40005FF7F /* Preview Content */ = {
			isa = PBXGroup;
			children = (
				07A1E33C2A6A09E40005FF7F /* Preview Assets.xcassets */,
			);
			path = "Preview Content";
			sourceTree = "<group>";
		};
		07A1E34D2A6A3FAF0005FF7F /* Views */ = {
			isa = PBXGroup;
			children = (
				07A1E3372A6A09E30005FF7F /* ContentView.swift */,
				0747A7B32A6A77AC00795297 /* Landmarks */,
				0747A7B42A6A77BB00795297 /* Helpers */,
			);
			path = Views;
			sourceTree = "<group>";
		};
		07A1E34E2A6A3FB70005FF7F /* Model */ = {
			isa = PBXGroup;
			children = (
				07A1E3492A6A21DF0005FF7F /* Landmark.swift */,
				07A1E34B2A6A3E300005FF7F /* ModelData.swift */,
			);
			path = Model;
			sourceTree = "<group>";
		};
		07A1E34F2A6A3FC40005FF7F /* Resources */ = {
			isa = PBXGroup;
			children = (
				07A1E3472A6A21C00005FF7F /* landmarkData.json */,
			);
			path = Resources;
			sourceTree = "<group>";
		};
/* End PBXGroup section */

/* Begin PBXNativeTarget section */
		07A1E3312A6A09E30005FF7F /* Landmark */ = {
			isa = PBXNativeTarget;
			buildConfigurationList = 07A1E3402A6A09E40005FF7F /* Build configuration list for PBXNativeTarget "Landmark" */;
			buildPhases = (
				07A1E32E2A6A09E30005FF7F /* Sources */,
				07A1E32F2A6A09E30005FF7F /* Frameworks */,
				07A1E3302A6A09E30005FF7F /* Resources */,
			);
			buildRules = (
			);
			dependencies = (
			);
			name = Landmark;
			productName = Landmark;
			productReference = 07A1E3322A6A09E30005FF7F /* Landmark.app */;
			productType = "com.apple.product-type.application";
		};
/* End PBXNativeTarget section */

/* Begin PBXProject section */
		07A1E32A2A6A09E30005FF7F /* Project object */ = {
			isa = PBXProject;
			attributes = {
				BuildIndependentTargetsInParallel = 1;
				LastSwiftUpdateCheck = 1430;
				LastUpgradeCheck = 1430;
				TargetAttributes = {
					07A1E3312A6A09E30005FF7F = {
						CreatedOnToolsVersion = 14.3.1;
					};
				};
			};
			buildConfigurationList = 07A1E32D2A6A09E30005FF7F /* Build configuration list for PBXProject "Landmark" */;
			compatibilityVersion = "Xcode 14.0";
			developmentRegion = en;
			hasScannedForEncodings = 0;
			knownRegions = (
				en,
				Base,
			);
			mainGroup = 07A1E3292A6A09E30005FF7F;
			productRefGroup = 07A1E3332A6A09E30005FF7F /* Products */;
			projectDirPath = "";
			projectRoot = "";
			targets = (
				07A1E3312A6A09E30005FF7F /* Landmark */,
			);
		};
/* End PBXProject section */

/* Begin PBXResourcesBuildPhase section */
		07A1E3302A6A09E30005FF7F /* Resources */ = {
			isa = PBXResourcesBuildPhase;
			buildActionMask = 2147483647;
			files = (
				07A1E33D2A6A09E40005FF7F /* Preview Assets.xcassets in Resources */,
				07A1E33A2A6A09E40005FF7F /* Assets.xcassets in Resources */,
				07A1E3482A6A21C00005FF7F /* landmarkData.json in Resources */,
			);
			runOnlyForDeploymentPostprocessing = 0;
		};
/* End PBXResourcesBuildPhase section */

/* Begin PBXSourcesBuildPhase section */
		07A1E32E2A6A09E30005FF7F /* Sources */ = {
			isa = PBXSourcesBuildPhase;
			buildActionMask = 2147483647;
			files = (
				07A1E3382A6A09E30005FF7F /* ContentView.swift in Sources */,
				07A1E3462A6A11EC0005FF7F /* MapView.swift in Sources */,
				07A1E3362A6A09E30005FF7F /* LandmarkApp.swift in Sources */,
				0747A7B22A6A757300795297 /* FavoriteButton.swift in Sources */,
				07A1E3532A6A4BFB0005FF7F /* LandmarkList.swift in Sources */,
				07A1E3552A6A50F80005FF7F /* LandmarkDetail.swift in Sources */,
				07A1E3442A6A10880005FF7F /* CircleImage.swift in Sources */,
				07A1E34A2A6A21DF0005FF7F /* Landmark.swift in Sources */,
				07A1E3512A6A46A40005FF7F /* LandmarkRow.swift in Sources */,
				07A1E34C2A6A3E300005FF7F /* ModelData.swift in Sources */,
			);
			runOnlyForDeploymentPostprocessing = 0;
		};
/* End PBXSourcesBuildPhase section */

/* Begin XCBuildConfiguration section */
		07A1E33E2A6A09E40005FF7F /* Debug */ = {
			isa = XCBuildConfiguration;
			buildSettings = {
				ALWAYS_SEARCH_USER_PATHS = NO;
				CLANG_ANALYZER_NONNULL = YES;
				CLANG_ANALYZER_NUMBER_OBJECT_CONVERSION = YES_AGGRESSIVE;
				CLANG_CXX_LANGUAGE_STANDARD = "gnu++20";
				CLANG_ENABLE_MODULES = YES;
				CLANG_ENABLE_OBJC_ARC = YES;
				CLANG_ENABLE_OBJC_WEAK = YES;
				CLANG_WARN_BLOCK_CAPTURE_AUTORELEASING = YES;
				CLANG_WARN_BOOL_CONVERSION = YES;
				CLANG_WARN_COMMA = YES;
				CLANG_WARN_CONSTANT_CONVERSION = YES;
				CLANG_WARN_DEPRECATED_OBJC_IMPLEMENTATIONS = YES;
				CLANG_WARN_DIRECT_OBJC_ISA_USAGE = YES_ERROR;
				CLANG_WARN_DOCUMENTATION_COMMENTS = YES;
				CLANG_WARN_EMPTY_BODY = YES;
				CLANG_WARN_ENUM_CONVERSION = YES;
				CLANG_WARN_INFINITE_RECURSION = YES;
				CLANG_WARN_INT_CONVERSION = YES;
				CLANG_WARN_NON_LITERAL_NULL_CONVERSION = YES;
				CLANG_WARN_OBJC_IMPLICIT_RETAIN_SELF = YES;
				CLANG_WARN_OBJC_LITERAL_CONVERSION = YES;
				CLANG_WARN_OBJC_ROOT_CLASS = YES_ERROR;
				CLANG_WARN_QUOTED_INCLUDE_IN_FRAMEWORK_HEADER = YES;
				CLANG_WARN_RANGE_LOOP_ANALYSIS = YES;
				CLANG_WARN_STRICT_PROTOTYPES = YES;
				CLANG_WARN_SUSPICIOUS_MOVE = YES;
				CLANG_WARN_UNGUARDED_AVAILABILITY = YES_AGGRESSIVE;
				CLANG_WARN_UNREACHABLE_CODE = YES;
				CLANG_WARN__DUPLICATE_METHOD_MATCH = YES;
				COPY_PHASE_STRIP = NO;
				DEBUG_INFORMATION_FORMAT = dwarf;
				ENABLE_STRICT_OBJC_MSGSEND = YES;
				ENABLE_TESTABILITY = YES;
				GCC_C_LANGUAGE_STANDARD = gnu11;
				GCC_DYNAMIC_NO_PIC = NO;
				GCC_NO_COMMON_BLOCKS = YES;
				GCC_OPTIMIZATION_LEVEL = 0;
				GCC_PREPROCESSOR_DEFINITIONS = (
					"DEBUG=1",
					"$(inherited)",
				);
				GCC_WARN_64_TO_32_BIT_CONVERSION = YES;
				GCC_WARN_ABOUT_RETURN_TYPE = YES_ERROR;
				GCC_WARN_UNDECLARED_SELECTOR = YES;
				GCC_WARN_UNINITIALIZED_AUTOS = YES_AGGRESSIVE;
				GCC_WARN_UNUSED_FUNCTION = YES;
				GCC_WARN_UNUSED_VARIABLE = YES;
				IPHONEOS_DEPLOYMENT_TARGET = 16.4;
				MTL_ENABLE_DEBUG_INFO = INCLUDE_SOURCE;
				MTL_FAST_MATH = YES;
				ONLY_ACTIVE_ARCH = YES;
				SDKROOT = iphoneos;
				SWIFT_ACTIVE_COMPILATION_CONDITIONS = DEBUG;
				SWIFT_OPTIMIZATION_LEVEL = "-Onone";
			};
			name = Debug;
		};
		07A1E33F2A6A09E40005FF7F /* Release */ = {
			isa = XCBuildConfiguration;
			buildSettings = {
				ALWAYS_SEARCH_USER_PATHS = NO;
				CLANG_ANALYZER_NONNULL = YES;
				CLANG_ANALYZER_NUMBER_OBJECT_CONVERSION = YES_AGGRESSIVE;
				CLANG_CXX_LANGUAGE_STANDARD = "gnu++20";
				CLANG_ENABLE_MODULES = YES;
				CLANG_ENABLE_OBJC_ARC = YES;
				CLANG_ENABLE_OBJC_WEAK = YES;
				CLANG_WARN_BLOCK_CAPTURE_AUTORELEASING = YES;
				CLANG_WARN_BOOL_CONVERSION = YES;
				CLANG_WARN_COMMA = YES;
				CLANG_WARN_CONSTANT_CONVERSION = YES;
				CLANG_WARN_DEPRECATED_OBJC_IMPLEMENTATIONS = YES;
				CLANG_WARN_DIRECT_OBJC_ISA_USAGE = YES_ERROR;
				CLANG_WARN_DOCUMENTATION_COMMENTS = YES;
				CLANG_WARN_EMPTY_BODY = YES;
				CLANG_WARN_ENUM_CONVERSION = YES;
				CLANG_WARN_INFINITE_RECURSION = YES;
				CLANG_WARN_INT_CONVERSION = YES;
				CLANG_WARN_NON_LITERAL_NULL_CONVERSION = YES;
				CLANG_WARN_OBJC_IMPLICIT_RETAIN_SELF = YES;
				CLANG_WARN_OBJC_LITERAL_CONVERSION = YES;
				CLANG_WARN_OBJC_ROOT_CLASS = YES_ERROR;
				CLANG_WARN_QUOTED_INCLUDE_IN_FRAMEWORK_HEADER = YES;
				CLANG_WARN_RANGE_LOOP_ANALYSIS = YES;
				CLANG_WARN_STRICT_PROTOTYPES = YES;
				CLANG_WARN_SUSPICIOUS_MOVE = YES;
				CLANG_WARN_UNGUARDED_AVAILABILITY = YES_AGGRESSIVE;
				CLANG_WARN_UNREACHABLE_CODE = YES;
				CLANG_WARN__DUPLICATE_METHOD_MATCH = YES;
				COPY_PHASE_STRIP = NO;
				DEBUG_INFORMATION_FORMAT = "dwarf-with-dsym";
				ENABLE_NS_ASSERTIONS = NO;
				ENABLE_STRICT_OBJC_MSGSEND = YES;
				GCC_C_LANGUAGE_STANDARD = gnu11;
				GCC_NO_COMMON_BLOCKS = YES;
				GCC_WARN_64_TO_32_BIT_CONVERSION = YES;
				GCC_WARN_ABOUT_RETURN_TYPE = YES_ERROR;
				GCC_WARN_UNDECLARED_SELECTOR = YES;
				GCC_WARN_UNINITIALIZED_AUTOS = YES_AGGRESSIVE;
				GCC_WARN_UNUSED_FUNCTION = YES;
				GCC_WARN_UNUSED_VARIABLE = YES;
				IPHONEOS_DEPLOYMENT_TARGET = 16.4;
				MTL_ENABLE_DEBUG_INFO = NO;
				MTL_FAST_MATH = YES;
				SDKROOT = iphoneos;
				SWIFT_COMPILATION_MODE = wholemodule;
				SWIFT_OPTIMIZATION_LEVEL = "-O";
				VALIDATE_PRODUCT = YES;
			};
			name = Release;
		};
		07A1E3412A6A09E40005FF7F /* Debug */ = {
			isa = XCBuildConfiguration;
			buildSettings = {
				ASSETCATALOG_COMPILER_APPICON_NAME = AppIcon;
				ASSETCATALOG_COMPILER_GLOBAL_ACCENT_COLOR_NAME = AccentColor;
				CODE_SIGN_STYLE = Automatic;
				CURRENT_PROJECT_VERSION = 1;
				DEVELOPMENT_ASSET_PATHS = "\"Landmark/Preview Content\"";
				DEVELOPMENT_TEAM = 9XG4S4XZWN;
				ENABLE_PREVIEWS = YES;
				GENERATE_INFOPLIST_FILE = YES;
				INFOPLIST_KEY_UIApplicationSceneManifest_Generation = YES;
				INFOPLIST_KEY_UIApplicationSupportsIndirectInputEvents = YES;
				INFOPLIST_KEY_UILaunchScreen_Generation = YES;
				INFOPLIST_KEY_UISupportedInterfaceOrientations_iPad = "UIInterfaceOrientationPortrait UIInterfaceOrientationPortraitUpsideDown UIInterfaceOrientationLandscapeLeft UIInterfaceOrientationLandscapeRight";
				INFOPLIST_KEY_UISupportedInterfaceOrientations_iPhone = "UIInterfaceOrientationPortrait UIInterfaceOrientationLandscapeLeft UIInterfaceOrientationLandscapeRight";
				LD_RUNPATH_SEARCH_PATHS = (
					"$(inherited)",
					"@executable_path/Frameworks",
				);
				MARKETING_VERSION = 1.0;
				PRODUCT_BUNDLE_IDENTIFIER = com.thinkyside.Landmark;
				PRODUCT_NAME = "$(TARGET_NAME)";
				SWIFT_EMIT_LOC_STRINGS = YES;
				SWIFT_VERSION = 5.0;
				TARGETED_DEVICE_FAMILY = "1,2";
			};
			name = Debug;
		};
		07A1E3422A6A09E40005FF7F /* Release */ = {
			isa = XCBuildConfiguration;
			buildSettings = {
				ASSETCATALOG_COMPILER_APPICON_NAME = AppIcon;
				ASSETCATALOG_COMPILER_GLOBAL_ACCENT_COLOR_NAME = AccentColor;
				CODE_SIGN_STYLE = Automatic;
				CURRENT_PROJECT_VERSION = 1;
				DEVELOPMENT_ASSET_PATHS = "\"Landmark/Preview Content\"";
				DEVELOPMENT_TEAM = 9XG4S4XZWN;
				ENABLE_PREVIEWS = YES;
				GENERATE_INFOPLIST_FILE = YES;
				INFOPLIST_KEY_UIApplicationSceneManifest_Generation = YES;
				INFOPLIST_KEY_UIApplicationSupportsIndirectInputEvents = YES;
				INFOPLIST_KEY_UILaunchScreen_Generation = YES;
				INFOPLIST_KEY_UISupportedInterfaceOrientations_iPad = "UIInterfaceOrientationPortrait UIInterfaceOrientationPortraitUpsideDown UIInterfaceOrientationLandscapeLeft UIInterfaceOrientationLandscapeRight";
				INFOPLIST_KEY_UISupportedInterfaceOrientations_iPhone = "UIInterfaceOrientationPortrait UIInterfaceOrientationLandscapeLeft UIInterfaceOrientationLandscapeRight";
				LD_RUNPATH_SEARCH_PATHS = (
					"$(inherited)",
					"@executable_path/Frameworks",
				);
				MARKETING_VERSION = 1.0;
				PRODUCT_BUNDLE_IDENTIFIER = com.thinkyside.Landmark;
				PRODUCT_NAME = "$(TARGET_NAME)";
				SWIFT_EMIT_LOC_STRINGS = YES;
				SWIFT_VERSION = 5.0;
				TARGETED_DEVICE_FAMILY = "1,2";
			};
			name = Release;
		};
/* End XCBuildConfiguration section */

/* Begin XCConfigurationList section */
		07A1E32D2A6A09E30005FF7F /* Build configuration list for PBXProject "Landmark" */ = {
			isa = XCConfigurationList;
			buildConfigurations = (
				07A1E33E2A6A09E40005FF7F /* Debug */,
				07A1E33F2A6A09E40005FF7F /* Release */,
			);
			defaultConfigurationIsVisible = 0;
			defaultConfigurationName = Release;
		};
		07A1E3402A6A09E40005FF7F /* Build configuration list for PBXNativeTarget "Landmark" */ = {
			isa = XCConfigurationList;
			buildConfigurations = (
				07A1E3412A6A09E40005FF7F /* Debug */,
				07A1E3422A6A09E40005FF7F /* Release */,
			);
			defaultConfigurationIsVisible = 0;
			defaultConfigurationName = Release;
		};
/* End XCConfigurationList section */
	};
	rootObject = 07A1E32A2A6A09E30005FF7F /* Project object */;
}
